{
  "name": "@vogui/runtime",
  "version": "0.1.0",
  "lockfileVersion": 3,
  "requires": true,
  "packages": {
    "": {
      "name": "@vogui/runtime",
      "version": "0.1.0",
      "license": "MIT",
      "dependencies": {
        "morphdom": "^2.7.0"
      },
      "devDependencies": {
        "@types/morphdom": "^2.0.0",
        "typescript": "^5.0.0"
      }
    },
    "node_modules/@types/morphdom": {
      "version": "2.3.0",
      "resolved": "https://registry.npmjs.org/@types/morphdom/-/morphdom-2.3.0.tgz",
      "integrity": "sha512-xDWhsCHpQLCLKmJYjm2txI9VRU6mWuqOitkj+VNgb4SSu1jrPR/jgwPzKojQInM1AzSDiHwQ3ZenUygr50axsw==",
      "dev": true,
      "license": "MIT"
    },
    "node_modules/morphdom": {
      "version": "2.7.8",
      "resolved": "https://registry.npmjs.org/morphdom/-/morphdom-2.7.8.tgz",
      "integrity": "sha512-D/fR4xgGUyVRbdMGU6Nejea1RFzYxYtyurG4Fbv2Fi/daKlWKuXGLOdXtl+3eIwL110cI2hz1ZojGICjjFLgTg==",
      "license": "MIT"
    },
    "node_modules/typescript": {
      "version": "5.9.3",
      "resolved": "https://registry.npmjs.org/typescript/-/typescript-5.9.3.tgz",
      "integrity": "sha512-jl1vZzPDinLr9eUt3J/t7V6FgNEw9QjvBPdysz9KfQDD41fQrC2Y4vKQdiaUpFT4bXlb1RHhLpp8wtm6M5TgSw==",
      "dev": true,
      "license": "Apache-2.0",
      "bin": {
        "tsc": "bin/tsc",
        "tsserver": "bin/tsserver"
      },
      "engines": {
        "node": ">=14.17"
      }
    }
  }
}
